
Microsoft Visual Studio Solution File, Format Version 12.00
# Visual Studio 15
VisualStudioVersion = 15.0.27703.2000
MinimumVisualStudioVersion = 10.0.40219.1
Project("{FAE04EC0-301F-11D3-BF4B-00C04F79EFBC}") = "SOSBot", "SOSBot\SOSBot.csproj", "{6F58899D-DA54-4721-8DC8-C657B9CA6BD1}"
EndProject
Global
	GlobalSection(SolutionConfigurationPlatforms) = preSolution
		Debug|Any CPU = Debug|Any CPU
		Release|Any CPU = Release|Any CPU
	EndGlobalSection
	GlobalSection(ProjectConfigurationPlatforms) = postSolution
		{6F58899D-DA54-4721-8DC8-C657B9CA6BD1}.Debug|Any CPU.ActiveCfg = Debug|Any CPU
		{6F58899D-DA54-4721-8DC8-C657B9CA6BD1}.Debug|Any CPU.Build.0 = Debug|Any CPU
		{6F58899D-DA54-4721-8DC8-C657B9CA6BD1}.Release|Any CPU.ActiveCfg = Release|Any CPU
		{6F58899D-DA54-4721-8DC8-C657B9CA6BD1}.Release|Any CPU.Build.0 = Release|Any CPU
	EndGlobalSection
	GlobalSection(SolutionProperties) = preSolution
		HideSolutionNode = FALSE
	EndGlobalSection
	GlobalSection(ExtensibilityGlobals) = postSolution
		SolutionGuid = {4B29B4B6-523F-4F28-B321-48AA461754C2}
	EndGlobalSection
EndGlobal
